// !$*UTF8*$!
{
	archiveVersion = 1;
	classes = {
	};
	objectVersion = 48;
	objects = {

/* Begin PBXBuildFile section */
		A4D2B30422A6CC85008A7048 /* AppDelegate.swift in Sources */ = {isa = PBXBuildFile; fileRef = A4D2B30322A6CC85008A7048 /* AppDelegate.swift */; };
		A4D2B30622A6CC85008A7048 /* ViewController.swift in Sources */ = {isa = PBXBuildFile; fileRef = A4D2B30522A6CC85008A7048 /* ViewController.swift */; };
		A4D2B30922A6CC85008A7048 /* Main.storyboard in Resources */ = {isa = PBXBuildFile; fileRef = A4D2B30722A6CC85008A7048 /* Main.storyboard */; };
		A4D2B30B22A6CC85008A7048 /* Assets.xcassets in Resources */ = {isa = PBXBuildFile; fileRef = A4D2B30A22A6CC85008A7048 /* Assets.xcassets */; };
		A4D2B30E22A6CC85008A7048 /* LaunchScreen.storyboard in Resources */ = {isa = PBXBuildFile; fileRef = A4D2B30C22A6CC85008A7048 /* LaunchScreen.storyboard */; };
		A4D2B31822A72876008A7048 /* botaogerar.png in Resources */ = {isa = PBXBuildFile; fileRef = A4D2B31522A72875008A7048 /* botaogerar.png */; };
		A4D2B31922A72876008A7048 /* logo.png in Resources */ = {isa = PBXBuildFile; fileRef = A4D2B31622A72875008A7048 /* logo.png */; };
		A4D2B31A22A72876008A7048 /* botaogerar-pressionado.png in Resources */ = {isa = PBXBuildFile; fileRef = A4D2B31722A72875008A7048 /* botaogerar-pressionado.png */; };
/* End PBXBuildFile section */

/* Begin PBXFileReference section */
		A4D2B30022A6CC85008A7048 /* GeradorDeNumeros.app */ = {isa = PBXFileReference; explicitFileType = wrapper.application; includeInIndex = 0; path = GeradorDeNumeros.app; sourceTree = BUILT_PRODUCTS_DIR; };
		A4D2B30322A6CC85008A7048 /* AppDelegate.swift */ = {isa = PBXFileReference; lastKnownFileType = sourcecode.swift; path = AppDelegate.swift; sourceTree = "<group>"; };
		A4D2B30522A6CC85008A7048 /* ViewController.swift */ = {isa = PBXFileReference; lastKnownFileType = sourcecode.swift; path = ViewController.swift; sourceTree = "<group>"; };
		A4D2B30822A6CC85008A7048 /* Base */ = {isa = PBXFileReference; lastKnownFileType = file.storyboard; name = Base; path = Base.lproj/Main.storyboard; sourceTree = "<group>"; };
		A4D2B30A22A6CC85008A7048 /* Assets.xcassets */ = {isa = PBXFileReference; lastKnownFileType = folder.assetcatalog; path = Assets.xcassets; sourceTree = "<group>"; };
		A4D2B30D22A6CC85008A7048 /* Base */ = {isa = PBXFileReference; lastKnownFileType = file.storyboard; name = Base; path = Base.lproj/LaunchScreen.storyboard; sourceTree = "<group>"; };
		A4D2B30F22A6CC85008A7048 /* Info.plist */ = {isa = PBXFileReference; lastKnownFileType = text.plist.xml; path = Info.plist; sourceTree = "<group>"; };
		A4D2B31522A72875008A7048 /* botaogerar.png */ = {isa = PBXFileReference; lastKnownFileType = image.png; path = botaogerar.png; sourceTree = "<group>"; };
		A4D2B31622A72875008A7048 /* logo.png */ = {isa = PBXFileReference; lastKnownFileType = image.png; path = logo.png; sourceTree = "<group>"; };
		A4D2B31722A72875008A7048 /* botaogerar-pressionado.png */ = {isa = PBXFileReference; lastKnownFileType = image.png; path = "botaogerar-pressionado.png"; sourceTree = "<group>"; };
/* End PBXFileReference section */

/* Begin PBXFrameworksBuildPhase section */
		A4D2B2FD22A6CC85008A7048 /* Frameworks */ = {
			isa = PBXFrameworksBuildPhase;
			buildActionMask = 2147483647;
			files = (
			);
			runOnlyForDeploymentPostprocessing = 0;
		};
/* End PBXFrameworksBuildPhase section */

/* Begin PBXGroup section */
		A4D2B2F722A6CC85008A7048 = {
			isa = PBXGroup;
			children = (
				A4D2B30222A6CC85008A7048 /* GeradorDeNumeros */,
				A4D2B30122A6CC85008A7048 /* Products */,
			);
			sourceTree = "<group>";
		};
		A4D2B30122A6CC85008A7048 /* Products */ = {
			isa = PBXGroup;
			children = (
				A4D2B30022A6CC85008A7048 /* GeradorDeNumeros.app */,
			);
			name = Products;
			sourceTree = "<group>";
		};
		A4D2B30222A6CC85008A7048 /* GeradorDeNumeros */ = {
			isa = PBXGroup;
			children = (
				A4D2B31722A72875008A7048 /* botaogerar-pressionado.png */,
				A4D2B31522A72875008A7048 /* botaogerar.png */,
				A4D2B31622A72875008A7048 /* logo.png */,
				A4D2B30322A6CC85008A7048 /* AppDelegate.swift */,
				A4D2B30522A6CC85008A7048 /* ViewController.swift */,
				A4D2B30722A6CC85008A7048 /* Main.storyboard */,
				A4D2B30A22A6CC85008A7048 /* Assets.xcassets */,
				A4D2B30C22A6CC85008A7048 /* LaunchScreen.storyboard */,
				A4D2B30F22A6CC85008A7048 /* Info.plist */,
			);
			path = GeradorDeNumeros;
			sourceTree = "<group>";
		};
/* End PBXGroup section */

/* Begin PBXNativeTarget section */
		A4D2B2FF22A6CC85008A7048 /* GeradorDeNumeros */ = {
			isa = PBXNativeTarget;
			buildConfigurationList = A4D2B31222A6CC85008A7048 /* Build configuration list for PBXNativeTarget "GeradorDeNumeros" */;
			buildPhases = (
				A4D2B2FC22A6CC85008A7048 /* Sources */,
				A4D2B2FD22A6CC85008A7048 /* Frameworks */,
				A4D2B2FE22A6CC85008A7048 /* Resources */,
			);
			buildRules = (
			);
			dependencies = (
			);
			name = GeradorDeNumeros;
			productName = GeradorDeNumeros;
			productReference = A4D2B30022A6CC85008A7048 /* GeradorDeNumeros.app */;
			productType = "com.apple.product-type.application";
		};
/* End PBXNativeTarget section */

/* Begin PBXProject section */
		A4D2B2F822A6CC85008A7048 /* Project object */ = {
			isa = PBXProject;
			attributes = {
				LastSwiftUpdateCheck = 0910;
				LastUpgradeCheck = 0910;
				ORGANIZATIONNAME = Andr3ziim;
				TargetAttributes = {
					A4D2B2FF22A6CC85008A7048 = {
						CreatedOnToolsVersion = 9.1;
						ProvisioningStyle = Automatic;
					};
				};
			};
			buildConfigurationList = A4D2B2FB22A6CC85008A7048 /* Build configuration list for PBXProject "GeradorDeNumeros" */;
			compatibilityVersion = "Xcode 8.0";
			developmentRegion = en;
			hasScannedForEncodings = 0;
			knownRegions = (
				en,
				Base,
			);
			mainGroup = A4D2B2F722A6CC85008A7048;
			productRefGroup = A4D2B30122A6CC85008A7048 /* Products */;
			projectDirPath = "";
			projectRoot = "";
			targets = (
				A4D2B2FF22A6CC85008A7048 /* GeradorDeNumeros */,
			);
		};
/* End PBXProject section */

/* Begin PBXResourcesBuildPhase section */
		A4D2B2FE22A6CC85008A7048 /* Resources */ = {
			isa = PBXResourcesBuildPhase;
			buildActionMask = 2147483647;
			files = (
				A4D2B30E22A6CC85008A7048 /* LaunchScreen.storyboard in Resources */,
				A4D2B31922A72876008A7048 /* logo.png in Resources */,
				A4D2B30B22A6CC85008A7048 /* Assets.xcassets in Resources */,
				A4D2B30922A6CC85008A7048 /* Main.storyboard in Resources */,
				A4D2B31822A72876008A7048 /* botaogerar.png in Resources */,
				A4D2B31A22A72876008A7048 /* botaogerar-pressionado.png in Resources */,
			);
			runOnlyForDeploymentPostprocessing = 0;
		};
/* End PBXResourcesBuildPhase section */

/* Begin PBXSourcesBuildPhase section */
		A4D2B2FC22A6CC85008A7048 /* Sources */ = {
			isa = PBXSourcesBuildPhase;
			buildActionMask = 2147483647;
			files = (
				A4D2B30622A6CC85008A7048 /* ViewController.swift in Sources */,
				A4D2B30422A6CC85008A7048 /* AppDelegate.swift in Sources */,
			);
			runOnlyForDeploymentPostprocessing = 0;
		};
/* End PBXSourcesBuildPhase section */

/* Begin PBXVariantGroup section */
		A4D2B30722A6CC85008A7048 /* Main.storyboard */ = {
			isa = PBXVariantGroup;
			children = (
				A4D2B30822A6CC85008A7048 /* Base */,
			);
			name = Main.storyboard;
			sourceTree = "<group>";
		};
		A4D2B30C22A6CC85008A7048 /* LaunchScreen.storyboard */ = {
			isa = PBXVariantGroup;
			children = (
				A4D2B30D22A6CC85008A7048 /* Base */,
			);
			name = LaunchScreen.storyboard;
			sourceTree = "<group>";
		};
/* End PBXVariantGroup section */

/* Begin XCBuildConfiguration section */
		A4D2B31022A6CC85008A7048 /* Debug */ = {
			isa = XCBuildConfiguration;
			buildSettings = {
				ALWAYS_SEARCH_USER_PATHS = NO;
				CLANG_ANALYZER_NONNULL = YES;
				CLANG_ANALYZER_NUMBER_OBJECT_CONVERSION = YES_AGGRESSIVE;
				CLANG_CXX_LANGUAGE_STANDARD = "gnu++14";
				CLANG_CXX_LIBRARY = "libc++";
				CLANG_ENABLE_MODULES = YES;
				CLANG_ENABLE_OBJC_ARC = YES;
				CLANG_WARN_BLOCK_CAPTURE_AUTORELEASING = YES;
				CLANG_WARN_BOOL_CONVERSION = YES;
				CLANG_WARN_COMMA = YES;
				CLANG_WARN_CONSTANT_CONVERSION = YES;
				CLANG_WARN_DIRECT_OBJC_ISA_USAGE = YES_ERROR;
				CLANG_WARN_DOCUMENTATION_COMMENTS = YES;
				CLANG_WARN_EMPTY_BODY = YES;
				CLANG_WARN_ENUM_CONVERSION = YES;
				CLANG_WARN_INFINITE_RECURSION = YES;
				CLANG_WARN_INT_CONVERSION = YES;
				CLANG_WARN_NON_LITERAL_NULL_CONVERSION = YES;
				CLANG_WARN_OBJC_LITERAL_CONVERSION = YES;
				CLANG_WARN_OBJC_ROOT_CLASS = YES_ERROR;
				CLANG_WARN_RANGE_LOOP_ANALYSIS = YES;
				CLANG_WARN_STRICT_PROTOTYPES = YES;
				CLANG_WARN_SUSPICIOUS_MOVE = YES;
				CLANG_WARN_UNGUARDED_AVAILABILITY = YES_AGGRESSIVE;
				CLANG_WARN_UNREACHABLE_CODE = YES;
				CLANG_WARN__DUPLICATE_METHOD_MATCH = YES;
				CODE_SIGN_IDENTITY = "iPhone Developer";
				COPY_PHASE_STRIP = NO;
				DEBUG_INFORMATION_FORMAT = dwarf;
				ENABLE_STRICT_OBJC_MSGSEND = YES;
				ENABLE_TESTABILITY = YES;
				GCC_C_LANGUAGE_STANDARD = gnu11;
				GCC_DYNAMIC_NO_PIC = NO;
				GCC_NO_COMMON_BLOCKS = YES;
				GCC_OPTIMIZATION_LEVEL = 0;
				GCC_PREPROCESSOR_DEFINITIONS = (
					"DEBUG=1",
					"$(inherited)",
				);
				GCC_WARN_64_TO_32_BIT_CONVERSION = YES;
				GCC_WARN_ABOUT_RETURN_TYPE = YES_ERROR;
				GCC_WARN_UNDECLARED_SELECTOR = YES;
				GCC_WARN_UNINITIALIZED_AUTOS = YES_AGGRESSIVE;
				GCC_WARN_UNUSED_FUNCTION = YES;
				GCC_WARN_UNUSED_VARIABLE = YES;
				IPHONEOS_DEPLOYMENT_TARGET = 11.1;
				MTL_ENABLE_DEBUG_INFO = YES;
				ONLY_ACTIVE_ARCH = YES;
				SDKROOT = iphoneos;
				SWIFT_ACTIVE_COMPILATION_CONDITIONS = DEBUG;
				SWIFT_OPTIMIZATION_LEVEL = "-Onone";
			};
			name = Debug;
		};
		A4D2B31122A6CC85008A7048 /* Release */ = {
			isa = XCBuildConfiguration;
			buildSettings = {
				ALWAYS_SEARCH_USER_PATHS = NO;
				CLANG_ANALYZER_NONNULL = YES;
				CLANG_ANALYZER_NUMBER_OBJECT_CONVERSION = YES_AGGRESSIVE;
				CLANG_CXX_LANGUAGE_STANDARD = "gnu++14";
				CLANG_CXX_LIBRARY = "libc++";
				CLANG_ENABLE_MODULES = YES;
				CLANG_ENABLE_OBJC_ARC = YES;
				CLANG_WARN_BLOCK_CAPTURE_AUTORELEASING = YES;
				CLANG_WARN_BOOL_CONVERSION = YES;
				CLANG_WARN_COMMA = YES;
				CLANG_WARN_CONSTANT_CONVERSION = YES;
				CLANG_WARN_DIRECT_OBJC_ISA_USAGE = YES_ERROR;
				CLANG_WARN_DOCUMENTATION_COMMENTS = YES;
				CLANG_WARN_EMPTY_BODY = YES;
				CLANG_WARN_ENUM_CONVERSION = YES;
				CLANG_WARN_INFINITE_RECURSION = YES;
				CLANG_WARN_INT_CONVERSION = YES;
				CLANG_WARN_NON_LITERAL_NULL_CONVERSION = YES;
				CLANG_WARN_OBJC_LITERAL_CONVERSION = YES;
				CLANG_WARN_OBJC_ROOT_CLASS = YES_ERROR;
				CLANG_WARN_RANGE_LOOP_ANALYSIS = YES;
				CLANG_WARN_STRICT_PROTOTYPES = YES;
				CLANG_WARN_SUSPICIOUS_MOVE = YES;
				CLANG_WARN_UNGUARDED_AVAILABILITY = YES_AGGRESSIVE;
				CLANG_WARN_UNREACHABLE_CODE = YES;
				CLANG_WARN__DUPLICATE_METHOD_MATCH = YES;
				CODE_SIGN_IDENTITY = "iPhone Developer";
				COPY_PHASE_STRIP = NO;
				DEBUG_INFORMATION_FORMAT = "dwarf-with-dsym";
				ENABLE_NS_ASSERTIONS = NO;
				ENABLE_STRICT_OBJC_MSGSEND = YES;
				GCC_C_LANGUAGE_STANDARD = gnu11;
				GCC_NO_COMMON_BLOCKS = YES;
				GCC_WARN_64_TO_32_BIT_CONVERSION = YES;
				GCC_WARN_ABOUT_RETURN_TYPE = YES_ERROR;
				GCC_WARN_UNDECLARED_SELECTOR = YES;
				GCC_WARN_UNINITIALIZED_AUTOS = YES_AGGRESSIVE;
				GCC_WARN_UNUSED_FUNCTION = YES;
				GCC_WARN_UNUSED_VARIABLE = YES;
				IPHONEOS_DEPLOYMENT_TARGET = 11.1;
				MTL_ENABLE_DEBUG_INFO = NO;
				SDKROOT = iphoneos;
				SWIFT_OPTIMIZATION_LEVEL = "-Owholemodule";
				VALIDATE_PRODUCT = YES;
			};
			name = Release;
		};
		A4D2B31322A6CC85008A7048 /* Debug */ = {
			isa = XCBuildConfiguration;
			buildSettings = {
				ASSETCATALOG_COMPILER_APPICON_NAME = AppIcon;
				CODE_SIGN_STYLE = Automatic;
				INFOPLIST_FILE = GeradorDeNumeros/Info.plist;
				LD_RUNPATH_SEARCH_PATHS = "$(inherited) @executable_path/Frameworks";
				PRODUCT_BUNDLE_IDENTIFIER = com.andr3ziim.GeradorDeNumeros;
				PRODUCT_NAME = "$(TARGET_NAME)";
				SWIFT_VERSION = 4.0;
				TARGETED_DEVICE_FAMILY = "1,2";
			};
			name = Debug;
		};
		A4D2B31422A6CC85008A7048 /* Release */ = {
			isa = XCBuildConfiguration;
			buildSettings = {
				ASSETCATALOG_COMPILER_APPICON_NAME = AppIcon;
				CODE_SIGN_STYLE = Automatic;
				INFOPLIST_FILE = GeradorDeNumeros/Info.plist;
				LD_RUNPATH_SEARCH_PATHS = "$(inherited) @executable_path/Frameworks";
				PRODUCT_BUNDLE_IDENTIFIER = com.andr3ziim.GeradorDeNumeros;
				PRODUCT_NAME = "$(TARGET_NAME)";
				SWIFT_VERSION = 4.0;
				TARGETED_DEVICE_FAMILY = "1,2";
			};
			name = Release;
		};
/* End XCBuildConfiguration section */

/* Begin XCConfigurationList section */
		A4D2B2FB22A6CC85008A7048 /* Build configuration list for PBXProject "GeradorDeNumeros" */ = {
			isa = XCConfigurationList;
			buildConfigurations = (
				A4D2B31022A6CC85008A7048 /* Debug */,
				A4D2B31122A6CC85008A7048 /* Release */,
			);
			defaultConfigurationIsVisible = 0;
			defaultConfigurationName = Release;
		};
		A4D2B31222A6CC85008A7048 /* Build configuration list for PBXNativeTarget "GeradorDeNumeros" */ = {
			isa = XCConfigurationList;
			buildConfigurations = (
				A4D2B31322A6CC85008A7048 /* Debug */,
				A4D2B31422A6CC85008A7048 /* Release */,
			);
			defaultConfigurationIsVisible = 0;
			defaultConfigurationName = Release;
		};
/* End XCConfigurationList section */
	};
	rootObject = A4D2B2F822A6CC85008A7048 /* Project object */;
}
